{
  "name": "Socials-Facker.github.io-main",
  "lockfileVersion": 3,
  "requires": true,
  "packages": {
    "": {
      "dependencies": {
        "draggablejs": "^1.0.0"
      }
    },
    "node_modules/draggablejs": {
      "version": "1.0.0",
      "resolved": "https://registry.npmjs.org/draggablejs/-/draggablejs-1.0.0.tgz",
      "integrity": "sha512-3jV2xmYy+JWMnETxu0Su7XmD69JviWbs/hLKhns7fDC7Z/UDqpK+RIzIo/SJP/O09mYPNyIzLq5HrN2wuoNyTA=="
    }
  }
}
